// !$*UTF8*$!
{
	archiveVersion = 1;
	classes = {
	};
	objectVersion = 56;
	objects = {

/* Begin PBXBuildFile section */
		4526D04A05A28BAC90C6BE4E /* Pods_DrowsinessDetection.framework in Frameworks */ = {isa = PBXBuildFile; fileRef = 4CE34BAC30048A4C5B604053 /* Pods_DrowsinessDetection.framework */; };
		7C178AE829CB43ED00D172B8 /* GoogleService-Info.plist in Resources */ = {isa = PBXBuildFile; fileRef = 7C178AE729CB43ED00D172B8 /* GoogleService-Info.plist */; };
		7C39C9B129CAEF2B00E1075B /* LoginScreen.swift in Sources */ = {isa = PBXBuildFile; fileRef = 7C39C9B029CAEF2B00E1075B /* LoginScreen.swift */; };
		7C39C9B329CAF2C500E1075B /* RegisterScreen.swift in Sources */ = {isa = PBXBuildFile; fileRef = 7C39C9B229CAF2C500E1075B /* RegisterScreen.swift */; };
		7C4DCA0B29F0729D00158F65 /* FaceDetectController.swift in Sources */ = {isa = PBXBuildFile; fileRef = 7C4DCA0A29F0729D00158F65 /* FaceDetectController.swift */; };
		7C6DFB1529CA3A24009FDC38 /* AppDelegate.swift in Sources */ = {isa = PBXBuildFile; fileRef = 7C6DFB1429CA3A24009FDC38 /* AppDelegate.swift */; };
		7C6DFB1729CA3A24009FDC38 /* SceneDelegate.swift in Sources */ = {isa = PBXBuildFile; fileRef = 7C6DFB1629CA3A24009FDC38 /* SceneDelegate.swift */; };
		7C6DFB1929CA3A24009FDC38 /* ViewController.swift in Sources */ = {isa = PBXBuildFile; fileRef = 7C6DFB1829CA3A24009FDC38 /* ViewController.swift */; };
		7C6DFB1C29CA3A24009FDC38 /* Main.storyboard in Resources */ = {isa = PBXBuildFile; fileRef = 7C6DFB1A29CA3A24009FDC38 /* Main.storyboard */; };
		7C6DFB1E29CA3A26009FDC38 /* Assets.xcassets in Resources */ = {isa = PBXBuildFile; fileRef = 7C6DFB1D29CA3A26009FDC38 /* Assets.xcassets */; };
		7C6DFB2129CA3A26009FDC38 /* LaunchScreen.storyboard in Resources */ = {isa = PBXBuildFile; fileRef = 7C6DFB1F29CA3A26009FDC38 /* LaunchScreen.storyboard */; };
		7C6DFB2A29CA3F2C009FDC38 /* WelcomeScreen.swift in Sources */ = {isa = PBXBuildFile; fileRef = 7C6DFB2929CA3F2C009FDC38 /* WelcomeScreen.swift */; };
		7C6DFB2C29CA4484009FDC38 /* WelcomeViewController.swift in Sources */ = {isa = PBXBuildFile; fileRef = 7C6DFB2B29CA4484009FDC38 /* WelcomeViewController.swift */; };
		7C9557ED29F077E00024B039 /* SecondViewController.swift in Sources */ = {isa = PBXBuildFile; fileRef = 7C9557EC29F077E00024B039 /* SecondViewController.swift */; };
		7C9CDAA129F01CD300205856 /* FaceDetector.swift in Sources */ = {isa = PBXBuildFile; fileRef = 7C9CDAA029F01CD300205856 /* FaceDetector.swift */; };
		7C9CDAA329F01D6500205856 /* FaceDetectorFilter.swift in Sources */ = {isa = PBXBuildFile; fileRef = 7C9CDAA229F01D6500205856 /* FaceDetectorFilter.swift */; };
		7C9CDAA529F01D7F00205856 /* SequenceSmoother.swift in Sources */ = {isa = PBXBuildFile; fileRef = 7C9CDAA429F01D7F00205856 /* SequenceSmoother.swift */; };
/* End PBXBuildFile section */

/* Begin PBXFileReference section */
		4CE34BAC30048A4C5B604053 /* Pods_DrowsinessDetection.framework */ = {isa = PBXFileReference; explicitFileType = wrapper.framework; includeInIndex = 0; path = Pods_DrowsinessDetection.framework; sourceTree = BUILT_PRODUCTS_DIR; };
		7C178AE729CB43ED00D172B8 /* GoogleService-Info.plist */ = {isa = PBXFileReference; fileEncoding = 4; lastKnownFileType = text.plist.xml; path = "GoogleService-Info.plist"; sourceTree = "<group>"; };
		7C39C9B029CAEF2B00E1075B /* LoginScreen.swift */ = {isa = PBXFileReference; lastKnownFileType = sourcecode.swift; path = LoginScreen.swift; sourceTree = "<group>"; };
		7C39C9B229CAF2C500E1075B /* RegisterScreen.swift */ = {isa = PBXFileReference; lastKnownFileType = sourcecode.swift; path = RegisterScreen.swift; sourceTree = "<group>"; };
		7C4DCA0A29F0729D00158F65 /* FaceDetectController.swift */ = {isa = PBXFileReference; lastKnownFileType = sourcecode.swift; path = FaceDetectController.swift; sourceTree = "<group>"; };
		7C6DFB1129CA3A24009FDC38 /* DrowsinessDetection.app */ = {isa = PBXFileReference; explicitFileType = wrapper.application; includeInIndex = 0; path = DrowsinessDetection.app; sourceTree = BUILT_PRODUCTS_DIR; };
		7C6DFB1429CA3A24009FDC38 /* AppDelegate.swift */ = {isa = PBXFileReference; lastKnownFileType = sourcecode.swift; path = AppDelegate.swift; sourceTree = "<group>"; };
		7C6DFB1629CA3A24009FDC38 /* SceneDelegate.swift */ = {isa = PBXFileReference; lastKnownFileType = sourcecode.swift; path = SceneDelegate.swift; sourceTree = "<group>"; };
		7C6DFB1829CA3A24009FDC38 /* ViewController.swift */ = {isa = PBXFileReference; lastKnownFileType = sourcecode.swift; path = ViewController.swift; sourceTree = "<group>"; };
		7C6DFB1B29CA3A24009FDC38 /* Base */ = {isa = PBXFileReference; lastKnownFileType = file.storyboard; name = Base; path = Base.lproj/Main.storyboard; sourceTree = "<group>"; };
		7C6DFB1D29CA3A26009FDC38 /* Assets.xcassets */ = {isa = PBXFileReference; lastKnownFileType = folder.assetcatalog; path = Assets.xcassets; sourceTree = "<group>"; };
		7C6DFB2029CA3A26009FDC38 /* Base */ = {isa = PBXFileReference; lastKnownFileType = file.storyboard; name = Base; path = Base.lproj/LaunchScreen.storyboard; sourceTree = "<group>"; };
		7C6DFB2229CA3A26009FDC38 /* Info.plist */ = {isa = PBXFileReference; lastKnownFileType = text.plist.xml; path = Info.plist; sourceTree = "<group>"; };
		7C6DFB2929CA3F2C009FDC38 /* WelcomeScreen.swift */ = {isa = PBXFileReference; lastKnownFileType = sourcecode.swift; path = WelcomeScreen.swift; sourceTree = "<group>"; };
		7C6DFB2B29CA4484009FDC38 /* WelcomeViewController.swift */ = {isa = PBXFileReference; lastKnownFileType = sourcecode.swift; path = WelcomeViewController.swift; sourceTree = "<group>"; };
		7C9557EC29F077E00024B039 /* SecondViewController.swift */ = {isa = PBXFileReference; lastKnownFileType = sourcecode.swift; path = SecondViewController.swift; sourceTree = "<group>"; };
		7C9CDAA029F01CD300205856 /* FaceDetector.swift */ = {isa = PBXFileReference; lastKnownFileType = sourcecode.swift; path = FaceDetector.swift; sourceTree = "<group>"; };
		7C9CDAA229F01D6500205856 /* FaceDetectorFilter.swift */ = {isa = PBXFileReference; lastKnownFileType = sourcecode.swift; path = FaceDetectorFilter.swift; sourceTree = "<group>"; };
		7C9CDAA429F01D7F00205856 /* SequenceSmoother.swift */ = {isa = PBXFileReference; lastKnownFileType = sourcecode.swift; path = SequenceSmoother.swift; sourceTree = "<group>"; };
		B2BF7A6826388A2668569F6E /* Pods-DrowsinessDetection.release.xcconfig */ = {isa = PBXFileReference; includeInIndex = 1; lastKnownFileType = text.xcconfig; name = "Pods-DrowsinessDetection.release.xcconfig"; path = "Target Support Files/Pods-DrowsinessDetection/Pods-DrowsinessDetection.release.xcconfig"; sourceTree = "<group>"; };
		D011C5C2C41FE266CDBF8C68 /* Pods-DrowsinessDetection.debug.xcconfig */ = {isa = PBXFileReference; includeInIndex = 1; lastKnownFileType = text.xcconfig; name = "Pods-DrowsinessDetection.debug.xcconfig"; path = "Target Support Files/Pods-DrowsinessDetection/Pods-DrowsinessDetection.debug.xcconfig"; sourceTree = "<group>"; };
/* End PBXFileReference section */

/* Begin PBXFrameworksBuildPhase section */
		7C6DFB0E29CA3A24009FDC38 /* Frameworks */ = {
			isa = PBXFrameworksBuildPhase;
			buildActionMask = 2147483647;
			files = (
				4526D04A05A28BAC90C6BE4E /* Pods_DrowsinessDetection.framework in Frameworks */,
			);
			runOnlyForDeploymentPostprocessing = 0;
		};
/* End PBXFrameworksBuildPhase section */

/* Begin PBXGroup section */
		5B6801EB72639E173F8DB282 /* Pods */ = {
			isa = PBXGroup;
			children = (
				D011C5C2C41FE266CDBF8C68 /* Pods-DrowsinessDetection.debug.xcconfig */,
				B2BF7A6826388A2668569F6E /* Pods-DrowsinessDetection.release.xcconfig */,
			);
			path = Pods;
			sourceTree = "<group>";
		};
		7C39C9B629CB047100E1075B /* First Screen */ = {
			isa = PBXGroup;
			children = (
				7C6DFB2B29CA4484009FDC38 /* WelcomeViewController.swift */,
				7C6DFB2929CA3F2C009FDC38 /* WelcomeScreen.swift */,
			);
			path = "First Screen";
			sourceTree = "<group>";
		};
		7C6DFB0829CA3A24009FDC38 = {
			isa = PBXGroup;
			children = (
				7C6DFB1329CA3A24009FDC38 /* DrowsinessDetection */,
				7C6DFB1229CA3A24009FDC38 /* Products */,
				5B6801EB72639E173F8DB282 /* Pods */,
				E9A92E820B10D1AB2AA2E46C /* Frameworks */,
			);
			sourceTree = "<group>";
		};
		7C6DFB1229CA3A24009FDC38 /* Products */ = {
			isa = PBXGroup;
			children = (
				7C6DFB1129CA3A24009FDC38 /* DrowsinessDetection.app */,
			);
			name = Products;
			sourceTree = "<group>";
		};
		7C6DFB1329CA3A24009FDC38 /* DrowsinessDetection */ = {
			isa = PBXGroup;
			children = (
				7C6DFB2829CA3EE4009FDC38 /* Views */,
				7C6DFB1429CA3A24009FDC38 /* AppDelegate.swift */,
				7C6DFB1629CA3A24009FDC38 /* SceneDelegate.swift */,
				7C178AE729CB43ED00D172B8 /* GoogleService-Info.plist */,
				7C6DFB1A29CA3A24009FDC38 /* Main.storyboard */,
				7C6DFB1D29CA3A26009FDC38 /* Assets.xcassets */,
				7C6DFB1F29CA3A26009FDC38 /* LaunchScreen.storyboard */,
				7C6DFB2229CA3A26009FDC38 /* Info.plist */,
			);
			path = DrowsinessDetection;
			sourceTree = "<group>";
		};
		7C6DFB2829CA3EE4009FDC38 /* Views */ = {
			isa = PBXGroup;
			children = (
				7C4DCA0A29F0729D00158F65 /* FaceDetectController.swift */,
				7C9557EC29F077E00024B039 /* SecondViewController.swift */,
				7C6DFB1829CA3A24009FDC38 /* ViewController.swift */,
				7C9CDA9F29F01CBE00205856 /* ModelWork */,
				7C39C9B629CB047100E1075B /* First Screen */,
				7C39C9B229CAF2C500E1075B /* RegisterScreen.swift */,
				7C39C9B029CAEF2B00E1075B /* LoginScreen.swift */,
			);
			path = Views;
			sourceTree = "<group>";
		};
		7C9CDA9F29F01CBE00205856 /* ModelWork */ = {
			isa = PBXGroup;
			children = (
				7C9CDAA029F01CD300205856 /* FaceDetector.swift */,
				7C9CDAA229F01D6500205856 /* FaceDetectorFilter.swift */,
				7C9CDAA429F01D7F00205856 /* SequenceSmoother.swift */,
			);
			path = ModelWork;
			sourceTree = "<group>";
		};
		E9A92E820B10D1AB2AA2E46C /* Frameworks */ = {
			isa = PBXGroup;
			children = (
				4CE34BAC30048A4C5B604053 /* Pods_DrowsinessDetection.framework */,
			);
			name = Frameworks;
			sourceTree = "<group>";
		};
/* End PBXGroup section */

/* Begin PBXNativeTarget section */
		7C6DFB1029CA3A24009FDC38 /* DrowsinessDetection */ = {
			isa = PBXNativeTarget;
			buildConfigurationList = 7C6DFB2529CA3A26009FDC38 /* Build configuration list for PBXNativeTarget "DrowsinessDetection" */;
			buildPhases = (
				60F470E491728C58ACC934B8 /* [CP] Check Pods Manifest.lock */,
				7C6DFB0D29CA3A24009FDC38 /* Sources */,
				7C6DFB0E29CA3A24009FDC38 /* Frameworks */,
				7C6DFB0F29CA3A24009FDC38 /* Resources */,
				E40B6C1FE6DBCAB35E300881 /* [CP] Embed Pods Frameworks */,
			);
			buildRules = (
			);
			dependencies = (
			);
			name = DrowsinessDetection;
			productName = DrowsinessDetection;
			productReference = 7C6DFB1129CA3A24009FDC38 /* DrowsinessDetection.app */;
			productType = "com.apple.product-type.application";
		};
/* End PBXNativeTarget section */

/* Begin PBXProject section */
		7C6DFB0929CA3A24009FDC38 /* Project object */ = {
			isa = PBXProject;
			attributes = {
				BuildIndependentTargetsInParallel = 1;
				LastSwiftUpdateCheck = 1420;
				LastUpgradeCheck = 1420;
				TargetAttributes = {
					7C6DFB1029CA3A24009FDC38 = {
						CreatedOnToolsVersion = 14.2;
					};
				};
			};
			buildConfigurationList = 7C6DFB0C29CA3A24009FDC38 /* Build configuration list for PBXProject "DrowsinessDetection" */;
			compatibilityVersion = "Xcode 14.0";
			developmentRegion = en;
			hasScannedForEncodings = 0;
			knownRegions = (
				en,
				Base,
			);
			mainGroup = 7C6DFB0829CA3A24009FDC38;
			productRefGroup = 7C6DFB1229CA3A24009FDC38 /* Products */;
			projectDirPath = "";
			projectRoot = "";
			targets = (
				7C6DFB1029CA3A24009FDC38 /* DrowsinessDetection */,
			);
		};
/* End PBXProject section */

/* Begin PBXResourcesBuildPhase section */
		7C6DFB0F29CA3A24009FDC38 /* Resources */ = {
			isa = PBXResourcesBuildPhase;
			buildActionMask = 2147483647;
			files = (
				7C6DFB2129CA3A26009FDC38 /* LaunchScreen.storyboard in Resources */,
				7C178AE829CB43ED00D172B8 /* GoogleService-Info.plist in Resources */,
				7C6DFB1E29CA3A26009FDC38 /* Assets.xcassets in Resources */,
				7C6DFB1C29CA3A24009FDC38 /* Main.storyboard in Resources */,
			);
			runOnlyForDeploymentPostprocessing = 0;
		};
/* End PBXResourcesBuildPhase section */

/* Begin PBXShellScriptBuildPhase section */
		60F470E491728C58ACC934B8 /* [CP] Check Pods Manifest.lock */ = {
			isa = PBXShellScriptBuildPhase;
			buildActionMask = 2147483647;
			files = (
			);
			inputFileListPaths = (
			);
			inputPaths = (
				"${PODS_PODFILE_DIR_PATH}/Podfile.lock",
				"${PODS_ROOT}/Manifest.lock",
			);
			name = "[CP] Check Pods Manifest.lock";
			outputFileListPaths = (
			);
			outputPaths = (
				"$(DERIVED_FILE_DIR)/Pods-DrowsinessDetection-checkManifestLockResult.txt",
			);
			runOnlyForDeploymentPostprocessing = 0;
			shellPath = /bin/sh;
			shellScript = "diff \"${PODS_PODFILE_DIR_PATH}/Podfile.lock\" \"${PODS_ROOT}/Manifest.lock\" > /dev/null\nif [ $? != 0 ] ; then\n    # print error to STDERR\n    echo \"error: The sandbox is not in sync with the Podfile.lock. Run 'pod install' or update your CocoaPods installation.\" >&2\n    exit 1\nfi\n# This output is used by Xcode 'outputs' to avoid re-running this script phase.\necho \"SUCCESS\" > \"${SCRIPT_OUTPUT_FILE_0}\"\n";
			showEnvVarsInLog = 0;
		};
		E40B6C1FE6DBCAB35E300881 /* [CP] Embed Pods Frameworks */ = {
			isa = PBXShellScriptBuildPhase;
			buildActionMask = 2147483647;
			files = (
			);
			inputFileListPaths = (
				"${PODS_ROOT}/Target Support Files/Pods-DrowsinessDetection/Pods-DrowsinessDetection-frameworks-${CONFIGURATION}-input-files.xcfilelist",
			);
			name = "[CP] Embed Pods Frameworks";
			outputFileListPaths = (
				"${PODS_ROOT}/Target Support Files/Pods-DrowsinessDetection/Pods-DrowsinessDetection-frameworks-${CONFIGURATION}-output-files.xcfilelist",
			);
			runOnlyForDeploymentPostprocessing = 0;
			shellPath = /bin/sh;
			shellScript = "\"${PODS_ROOT}/Target Support Files/Pods-DrowsinessDetection/Pods-DrowsinessDetection-frameworks.sh\"\n";
			showEnvVarsInLog = 0;
		};
/* End PBXShellScriptBuildPhase section */

/* Begin PBXSourcesBuildPhase section */
		7C6DFB0D29CA3A24009FDC38 /* Sources */ = {
			isa = PBXSourcesBuildPhase;
			buildActionMask = 2147483647;
			files = (
				7C9557ED29F077E00024B039 /* SecondViewController.swift in Sources */,
				7C6DFB1929CA3A24009FDC38 /* ViewController.swift in Sources */,
				7C9CDAA329F01D6500205856 /* FaceDetectorFilter.swift in Sources */,
				7C6DFB2C29CA4484009FDC38 /* WelcomeViewController.swift in Sources */,
				7C6DFB1529CA3A24009FDC38 /* AppDelegate.swift in Sources */,
				7C9CDAA129F01CD300205856 /* FaceDetector.swift in Sources */,
				7C39C9B329CAF2C500E1075B /* RegisterScreen.swift in Sources */,
				7C6DFB2A29CA3F2C009FDC38 /* WelcomeScreen.swift in Sources */,
				7C6DFB1729CA3A24009FDC38 /* SceneDelegate.swift in Sources */,
				7C4DCA0B29F0729D00158F65 /* FaceDetectController.swift in Sources */,
				7C39C9B129CAEF2B00E1075B /* LoginScreen.swift in Sources */,
				7C9CDAA529F01D7F00205856 /* SequenceSmoother.swift in Sources */,
			);
			runOnlyForDeploymentPostprocessing = 0;
		};
/* End PBXSourcesBuildPhase section */

/* Begin PBXVariantGroup section */
		7C6DFB1A29CA3A24009FDC38 /* Main.storyboard */ = {
			isa = PBXVariantGroup;
			children = (
				7C6DFB1B29CA3A24009FDC38 /* Base */,
			);
			name = Main.storyboard;
			sourceTree = "<group>";
		};
		7C6DFB1F29CA3A26009FDC38 /* LaunchScreen.storyboard */ = {
			isa = PBXVariantGroup;
			children = (
				7C6DFB2029CA3A26009FDC38 /* Base */,
			);
			name = LaunchScreen.storyboard;
			sourceTree = "<group>";
		};
/* End PBXVariantGroup section */

/* Begin XCBuildConfiguration section */
		7C6DFB2329CA3A26009FDC38 /* Debug */ = {
			isa = XCBuildConfiguration;
			buildSettings = {
				ALWAYS_SEARCH_USER_PATHS = NO;
				CLANG_ANALYZER_NONNULL = YES;
				CLANG_ANALYZER_NUMBER_OBJECT_CONVERSION = YES_AGGRESSIVE;
				CLANG_CXX_LANGUAGE_STANDARD = "gnu++20";
				CLANG_ENABLE_MODULES = YES;
				CLANG_ENABLE_OBJC_ARC = YES;
				CLANG_ENABLE_OBJC_WEAK = YES;
				CLANG_WARN_BLOCK_CAPTURE_AUTORELEASING = YES;
				CLANG_WARN_BOOL_CONVERSION = YES;
				CLANG_WARN_COMMA = YES;
				CLANG_WARN_CONSTANT_CONVERSION = YES;
				CLANG_WARN_DEPRECATED_OBJC_IMPLEMENTATIONS = YES;
				CLANG_WARN_DIRECT_OBJC_ISA_USAGE = YES_ERROR;
				CLANG_WARN_DOCUMENTATION_COMMENTS = YES;
				CLANG_WARN_EMPTY_BODY = YES;
				CLANG_WARN_ENUM_CONVERSION = YES;
				CLANG_WARN_INFINITE_RECURSION = YES;
				CLANG_WARN_INT_CONVERSION = YES;
				CLANG_WARN_NON_LITERAL_NULL_CONVERSION = YES;
				CLANG_WARN_OBJC_IMPLICIT_RETAIN_SELF = YES;
				CLANG_WARN_OBJC_LITERAL_CONVERSION = YES;
				CLANG_WARN_OBJC_ROOT_CLASS = YES_ERROR;
				CLANG_WARN_QUOTED_INCLUDE_IN_FRAMEWORK_HEADER = YES;
				CLANG_WARN_RANGE_LOOP_ANALYSIS = YES;
				CLANG_WARN_STRICT_PROTOTYPES = YES;
				CLANG_WARN_SUSPICIOUS_MOVE = YES;
				CLANG_WARN_UNGUARDED_AVAILABILITY = YES_AGGRESSIVE;
				CLANG_WARN_UNREACHABLE_CODE = YES;
				CLANG_WARN__DUPLICATE_METHOD_MATCH = YES;
				COPY_PHASE_STRIP = NO;
				DEBUG_INFORMATION_FORMAT = dwarf;
				ENABLE_STRICT_OBJC_MSGSEND = YES;
				ENABLE_TESTABILITY = YES;
				GCC_C_LANGUAGE_STANDARD = gnu11;
				GCC_DYNAMIC_NO_PIC = NO;
				GCC_NO_COMMON_BLOCKS = YES;
				GCC_OPTIMIZATION_LEVEL = 0;
				GCC_PREPROCESSOR_DEFINITIONS = (
					"DEBUG=1",
					"$(inherited)",
				);
				GCC_WARN_64_TO_32_BIT_CONVERSION = YES;
				GCC_WARN_ABOUT_RETURN_TYPE = YES_ERROR;
				GCC_WARN_UNDECLARED_SELECTOR = YES;
				GCC_WARN_UNINITIALIZED_AUTOS = YES_AGGRESSIVE;
				GCC_WARN_UNUSED_FUNCTION = YES;
				GCC_WARN_UNUSED_VARIABLE = YES;
				IPHONEOS_DEPLOYMENT_TARGET = 16.2;
				MTL_ENABLE_DEBUG_INFO = INCLUDE_SOURCE;
				MTL_FAST_MATH = YES;
				ONLY_ACTIVE_ARCH = YES;
				SDKROOT = iphoneos;
				SWIFT_ACTIVE_COMPILATION_CONDITIONS = DEBUG;
				SWIFT_OPTIMIZATION_LEVEL = "-Onone";
			};
			name = Debug;
		};
		7C6DFB2429CA3A26009FDC38 /* Release */ = {
			isa = XCBuildConfiguration;
			buildSettings = {
				ALWAYS_SEARCH_USER_PATHS = NO;
				CLANG_ANALYZER_NONNULL = YES;
				CLANG_ANALYZER_NUMBER_OBJECT_CONVERSION = YES_AGGRESSIVE;
				CLANG_CXX_LANGUAGE_STANDARD = "gnu++20";
				CLANG_ENABLE_MODULES = YES;
				CLANG_ENABLE_OBJC_ARC = YES;
				CLANG_ENABLE_OBJC_WEAK = YES;
				CLANG_WARN_BLOCK_CAPTURE_AUTORELEASING = YES;
				CLANG_WARN_BOOL_CONVERSION = YES;
				CLANG_WARN_COMMA = YES;
				CLANG_WARN_CONSTANT_CONVERSION = YES;
				CLANG_WARN_DEPRECATED_OBJC_IMPLEMENTATIONS = YES;
				CLANG_WARN_DIRECT_OBJC_ISA_USAGE = YES_ERROR;
				CLANG_WARN_DOCUMENTATION_COMMENTS = YES;
				CLANG_WARN_EMPTY_BODY = YES;
				CLANG_WARN_ENUM_CONVERSION = YES;
				CLANG_WARN_INFINITE_RECURSION = YES;
				CLANG_WARN_INT_CONVERSION = YES;
				CLANG_WARN_NON_LITERAL_NULL_CONVERSION = YES;
				CLANG_WARN_OBJC_IMPLICIT_RETAIN_SELF = YES;
				CLANG_WARN_OBJC_LITERAL_CONVERSION = YES;
				CLANG_WARN_OBJC_ROOT_CLASS = YES_ERROR;
				CLANG_WARN_QUOTED_INCLUDE_IN_FRAMEWORK_HEADER = YES;
				CLANG_WARN_RANGE_LOOP_ANALYSIS = YES;
				CLANG_WARN_STRICT_PROTOTYPES = YES;
				CLANG_WARN_SUSPICIOUS_MOVE = YES;
				CLANG_WARN_UNGUARDED_AVAILABILITY = YES_AGGRESSIVE;
				CLANG_WARN_UNREACHABLE_CODE = YES;
				CLANG_WARN__DUPLICATE_METHOD_MATCH = YES;
				COPY_PHASE_STRIP = NO;
				DEBUG_INFORMATION_FORMAT = "dwarf-with-dsym";
				ENABLE_NS_ASSERTIONS = NO;
				ENABLE_STRICT_OBJC_MSGSEND = YES;
				GCC_C_LANGUAGE_STANDARD = gnu11;
				GCC_NO_COMMON_BLOCKS = YES;
				GCC_WARN_64_TO_32_BIT_CONVERSION = YES;
				GCC_WARN_ABOUT_RETURN_TYPE = YES_ERROR;
				GCC_WARN_UNDECLARED_SELECTOR = YES;
				GCC_WARN_UNINITIALIZED_AUTOS = YES_AGGRESSIVE;
				GCC_WARN_UNUSED_FUNCTION = YES;
				GCC_WARN_UNUSED_VARIABLE = YES;
				IPHONEOS_DEPLOYMENT_TARGET = 16.2;
				MTL_ENABLE_DEBUG_INFO = NO;
				MTL_FAST_MATH = YES;
				SDKROOT = iphoneos;
				SWIFT_COMPILATION_MODE = wholemodule;
				SWIFT_OPTIMIZATION_LEVEL = "-O";
				VALIDATE_PRODUCT = YES;
			};
			name = Release;
		};
		7C6DFB2629CA3A26009FDC38 /* Debug */ = {
			isa = XCBuildConfiguration;
			baseConfigurationReference = D011C5C2C41FE266CDBF8C68 /* Pods-DrowsinessDetection.debug.xcconfig */;
			buildSettings = {
				ASSETCATALOG_COMPILER_APPICON_NAME = AppIcon;
				ASSETCATALOG_COMPILER_GLOBAL_ACCENT_COLOR_NAME = AccentColor;
				CODE_SIGN_STYLE = Automatic;
				CURRENT_PROJECT_VERSION = 1;
				DEVELOPMENT_TEAM = NHZYZH929T;
				GENERATE_INFOPLIST_FILE = YES;
				INFOPLIST_FILE = DrowsinessDetection/Info.plist;
				INFOPLIST_KEY_NSCameraUsageDescription = "";
				INFOPLIST_KEY_UIApplicationSupportsIndirectInputEvents = YES;
				INFOPLIST_KEY_UILaunchStoryboardName = LaunchScreen;
				INFOPLIST_KEY_UIMainStoryboardFile = Main;
				INFOPLIST_KEY_UISupportedInterfaceOrientations_iPad = "UIInterfaceOrientationPortrait UIInterfaceOrientationPortraitUpsideDown UIInterfaceOrientationLandscapeLeft UIInterfaceOrientationLandscapeRight";
				INFOPLIST_KEY_UISupportedInterfaceOrientations_iPhone = "UIInterfaceOrientationPortrait UIInterfaceOrientationLandscapeLeft UIInterfaceOrientationLandscapeRight";
				LD_RUNPATH_SEARCH_PATHS = (
					"$(inherited)",
					"@executable_path/Frameworks",
				);
				MARKETING_VERSION = 1.0;
				PRODUCT_BUNDLE_IDENTIFIER = com.rajaryan.DrowsinessDetection;
				PRODUCT_NAME = "$(TARGET_NAME)";
				SWIFT_EMIT_LOC_STRINGS = YES;
				SWIFT_VERSION = 5.0;
				TARGETED_DEVICE_FAMILY = "1,2";
			};
			name = Debug;
		};
		7C6DFB2729CA3A26009FDC38 /* Release */ = {
			isa = XCBuildConfiguration;
			baseConfigurationReference = B2BF7A6826388A2668569F6E /* Pods-DrowsinessDetection.release.xcconfig */;
			buildSettings = {
				ASSETCATALOG_COMPILER_APPICON_NAME = AppIcon;
				ASSETCATALOG_COMPILER_GLOBAL_ACCENT_COLOR_NAME = AccentColor;
				CODE_SIGN_STYLE = Automatic;
				CURRENT_PROJECT_VERSION = 1;
				DEVELOPMENT_TEAM = NHZYZH929T;
				GENERATE_INFOPLIST_FILE = YES;
				INFOPLIST_FILE = DrowsinessDetection/Info.plist;
				INFOPLIST_KEY_NSCameraUsageDescription = "";
				INFOPLIST_KEY_UIApplicationSupportsIndirectInputEvents = YES;
				INFOPLIST_KEY_UILaunchStoryboardName = LaunchScreen;
				INFOPLIST_KEY_UIMainStoryboardFile = Main;
				INFOPLIST_KEY_UISupportedInterfaceOrientations_iPad = "UIInterfaceOrientationPortrait UIInterfaceOrientationPortraitUpsideDown UIInterfaceOrientationLandscapeLeft UIInterfaceOrientationLandscapeRight";
				INFOPLIST_KEY_UISupportedInterfaceOrientations_iPhone = "UIInterfaceOrientationPortrait UIInterfaceOrientationLandscapeLeft UIInterfaceOrientationLandscapeRight";
				LD_RUNPATH_SEARCH_PATHS = (
					"$(inherited)",
					"@executable_path/Frameworks",
				);
				MARKETING_VERSION = 1.0;
				PRODUCT_BUNDLE_IDENTIFIER = com.rajaryan.DrowsinessDetection;
				PRODUCT_NAME = "$(TARGET_NAME)";
				SWIFT_EMIT_LOC_STRINGS = YES;
				SWIFT_VERSION = 5.0;
				TARGETED_DEVICE_FAMILY = "1,2";
			};
			name = Release;
		};
/* End XCBuildConfiguration section */

/* Begin XCConfigurationList section */
		7C6DFB0C29CA3A24009FDC38 /* Build configuration list for PBXProject "DrowsinessDetection" */ = {
			isa = XCConfigurationList;
			buildConfigurations = (
				7C6DFB2329CA3A26009FDC38 /* Debug */,
				7C6DFB2429CA3A26009FDC38 /* Release */,
			);
			defaultConfigurationIsVisible = 0;
			defaultConfigurationName = Release;
		};
		7C6DFB2529CA3A26009FDC38 /* Build configuration list for PBXNativeTarget "DrowsinessDetection" */ = {
			isa = XCConfigurationList;
			buildConfigurations = (
				7C6DFB2629CA3A26009FDC38 /* Debug */,
				7C6DFB2729CA3A26009FDC38 /* Release */,
			);
			defaultConfigurationIsVisible = 0;
			defaultConfigurationName = Release;
		};
/* End XCConfigurationList section */
	};
	rootObject = 7C6DFB0929CA3A24009FDC38 /* Project object */;
}
